
Microsoft Visual Studio Solution File, Format Version 12.00
# Visual Studio Version 17
VisualStudioVersion = 17.4.33110.190
MinimumVisualStudioVersion = 10.0.40219.1
Project("{9A19103F-16F7-4668-BE54-9A1E7A4F7556}") = "Contacts.Data", "Contacts.Data\Contacts.Data.csproj", "{A37ADAA0-0EEA-457E-B375-FF24F80CD5EA}"
EndProject
Project("{9A19103F-16F7-4668-BE54-9A1E7A4F7556}") = "Contacts.Services", "Contacts.Services\Contacts.Services.csproj", "{B4320FFA-239A-43CD-9960-38D36718E654}"
EndProject
Project("{9A19103F-16F7-4668-BE54-9A1E7A4F7556}") = "AddressBook.Api", "AddressBook.Api\AddressBook.Api.csproj", "{68875D41-6CD5-4565-B218-2B5600212F79}"
EndProject
Project("{9A19103F-16F7-4668-BE54-9A1E7A4F7556}") = "AddressBook.Web", "AddressBook.Web\AddressBook.Web.csproj", "{0631A57D-9637-4D3E-BD82-B19C4BF961C4}"
EndProject
Global
	GlobalSection(SolutionConfigurationPlatforms) = preSolution
		Debug|Any CPU = Debug|Any CPU
		Release|Any CPU = Release|Any CPU
	EndGlobalSection
	GlobalSection(ProjectConfigurationPlatforms) = postSolution
		{A37ADAA0-0EEA-457E-B375-FF24F80CD5EA}.Debug|Any CPU.ActiveCfg = Debug|Any CPU
		{A37ADAA0-0EEA-457E-B375-FF24F80CD5EA}.Debug|Any CPU.Build.0 = Debug|Any CPU
		{A37ADAA0-0EEA-457E-B375-FF24F80CD5EA}.Release|Any CPU.ActiveCfg = Release|Any CPU
		{A37ADAA0-0EEA-457E-B375-FF24F80CD5EA}.Release|Any CPU.Build.0 = Release|Any CPU
		{B4320FFA-239A-43CD-9960-38D36718E654}.Debug|Any CPU.ActiveCfg = Debug|Any CPU
		{B4320FFA-239A-43CD-9960-38D36718E654}.Debug|Any CPU.Build.0 = Debug|Any CPU
		{B4320FFA-239A-43CD-9960-38D36718E654}.Release|Any CPU.ActiveCfg = Release|Any CPU
		{B4320FFA-239A-43CD-9960-38D36718E654}.Release|Any CPU.Build.0 = Release|Any CPU
		{68875D41-6CD5-4565-B218-2B5600212F79}.Debug|Any CPU.ActiveCfg = Debug|Any CPU
		{68875D41-6CD5-4565-B218-2B5600212F79}.Debug|Any CPU.Build.0 = Debug|Any CPU
		{68875D41-6CD5-4565-B218-2B5600212F79}.Release|Any CPU.ActiveCfg = Release|Any CPU
		{68875D41-6CD5-4565-B218-2B5600212F79}.Release|Any CPU.Build.0 = Release|Any CPU
		{0631A57D-9637-4D3E-BD82-B19C4BF961C4}.Debug|Any CPU.ActiveCfg = Debug|Any CPU
		{0631A57D-9637-4D3E-BD82-B19C4BF961C4}.Debug|Any CPU.Build.0 = Debug|Any CPU
		{0631A57D-9637-4D3E-BD82-B19C4BF961C4}.Release|Any CPU.ActiveCfg = Release|Any CPU
		{0631A57D-9637-4D3E-BD82-B19C4BF961C4}.Release|Any CPU.Build.0 = Release|Any CPU
	EndGlobalSection
	GlobalSection(SolutionProperties) = preSolution
		HideSolutionNode = FALSE
	EndGlobalSection
	GlobalSection(ExtensibilityGlobals) = postSolution
		SolutionGuid = {75261AA6-7C51-4191-89A2-E7BAB1EE2B75}
	EndGlobalSection
EndGlobal
